
Microsoft Visual Studio Solution File, Format Version 12.00
Project("{FAE04EC0-301F-11D3-BF4B-00C04F79EFBC}") = "ProjetoFaculdade", "ProjetoFaculdade\ProjetoFaculdade.csproj", "{1D648AB8-9BA4-4607-8887-11CAC54C58A9}"
EndProject
Global
	GlobalSection(SolutionConfigurationPlatforms) = preSolution
		Debug|Any CPU = Debug|Any CPU
		Release|Any CPU = Release|Any CPU
	EndGlobalSection
	GlobalSection(ProjectConfigurationPlatforms) = postSolution
		{1D648AB8-9BA4-4607-8887-11CAC54C58A9}.Debug|Any CPU.ActiveCfg = Debug|Any CPU
		{1D648AB8-9BA4-4607-8887-11CAC54C58A9}.Debug|Any CPU.Build.0 = Debug|Any CPU
		{1D648AB8-9BA4-4607-8887-11CAC54C58A9}.Release|Any CPU.ActiveCfg = Release|Any CPU
		{1D648AB8-9BA4-4607-8887-11CAC54C58A9}.Release|Any CPU.Build.0 = Release|Any CPU
	EndGlobalSection
EndGlobal
